{
  "pins" : [
    {
      "identity" : "bwell-sdk-swift-package",
      "kind" : "remoteSourceControl",
      "location" : "https://github.com/icanbwell/bwell-sdk-swift-package",
      "state" : {
        "branch" : "main",
        "revision" : "970bbc4e07eb51fc3ecb006f46c02ee9dcfff2b5"
      }
    }
  ],
  "version" : 2
}
