{
  "originHash" : "0d5c47c86fd49862b26f553b753b6af6cfc0488e9f4d958da2450dae9e29d821",
  "pins" : [
    {
      "identity" : "apollo-ios",
      "kind" : "remoteSourceControl",
      "location" : "https://github.com/apollographql/apollo-ios.git",
      "state" : {
        "revision" : "d591c1dd55824867877cff4f6551fe32983d7f51",
        "version" : "1.23.0"
      }
    }
  ],
  "version" : 3
}
